// !$*UTF8*$!
{
	archiveVersion = 1;
	classes = {
	};
	objectVersion = 46;
	objects = {

/* Begin PBXBuildFile section */
		4E5542949ACB84DD93EC86C0 /* libPods.a in Frameworks */ = {isa = PBXBuildFile; fileRef = F9EA51182D66AF67803F7386 /* libPods.a */; };
		E138C7521A6A57FE00FC8934 /* main.m in Sources */ = {isa = PBXBuildFile; fileRef = E138C7511A6A57FE00FC8934 /* main.m */; };
		E138C7551A6A57FE00FC8934 /* AppDelegate.m in Sources */ = {isa = PBXBuildFile; fileRef = E138C7541A6A57FE00FC8934 /* AppDelegate.m */; };
		E138C75D1A6A57FE00FC8934 /* Images.xcassets in Resources */ = {isa = PBXBuildFile; fileRef = E138C75C1A6A57FE00FC8934 /* Images.xcassets */; };
		E138C76C1A6A57FE00FC8934 /* MyDictionaryTests.m in Sources */ = {isa = PBXBuildFile; fileRef = E138C76B1A6A57FE00FC8934 /* MyDictionaryTests.m */; };
		E138C7781A6A5A8F00FC8934 /* ViewControllerSearch.m in Sources */ = {isa = PBXBuildFile; fileRef = E138C7761A6A5A8F00FC8934 /* ViewControllerSearch.m */; };
		E138C7821A6A6B8600FC8934 /* ViewControllerDictionary.m in Sources */ = {isa = PBXBuildFile; fileRef = E138C7801A6A6B8600FC8934 /* ViewControllerDictionary.m */; };
		E138C7831A6A6B8600FC8934 /* ViewControllerDictionary.xib in Resources */ = {isa = PBXBuildFile; fileRef = E138C7811A6A6B8600FC8934 /* ViewControllerDictionary.xib */; };
		E138C78D1A6F942100FC8934 /* Default-568h@2x.png in Resources */ = {isa = PBXBuildFile; fileRef = E138C78C1A6F942100FC8934 /* Default-568h@2x.png */; };
		E15BFDA01A70EAD2009494AF /* libxml2.dylib in Frameworks */ = {isa = PBXBuildFile; fileRef = E15BFD9F1A70EAD2009494AF /* libxml2.dylib */; };
		E197D43E1A9DC3DE0098E387 /* ViewControllerSearch.xib in Resources */ = {isa = PBXBuildFile; fileRef = E197D43D1A9DC3DE0098E387 /* ViewControllerSearch.xib */; };
		E197D4401A9DC3F20098E387 /* ViewControllerEditWord.xib in Resources */ = {isa = PBXBuildFile; fileRef = E197D43F1A9DC3F20098E387 /* ViewControllerEditWord.xib */; };
		E19DD0A11A7782C6004E55AE /* CoreData.framework in Frameworks */ = {isa = PBXBuildFile; fileRef = E19DD0A01A7782C6004E55AE /* CoreData.framework */; };
		E19DD0A41A77854C004E55AE /* DMDictionaryWord.xcdatamodeld in Sources */ = {isa = PBXBuildFile; fileRef = E19DD0A21A77854C004E55AE /* DMDictionaryWord.xcdatamodeld */; };
		E19E04801A972C5C00E5317C /* Localizable.strings in Resources */ = {isa = PBXBuildFile; fileRef = E19E047E1A972C5C00E5317C /* Localizable.strings */; };
		E1A145DF1A83332500B63A05 /* ViewControllerEditWord.m in Sources */ = {isa = PBXBuildFile; fileRef = E1A145DD1A83332500B63A05 /* ViewControllerEditWord.m */; };
		E1A328211A8B371B008023B6 /* ViewControllerWordsWithTag.m in Sources */ = {isa = PBXBuildFile; fileRef = E1A328201A8B371B008023B6 /* ViewControllerWordsWithTag.m */; };
		E1A328251A8CB233008023B6 /* ViewControllerWords.m in Sources */ = {isa = PBXBuildFile; fileRef = E1A328241A8CB233008023B6 /* ViewControllerWords.m */; };
		E1A72E221AB1969000F2B711 /* tabBarBackground@2x.png in Resources */ = {isa = PBXBuildFile; fileRef = E1A72E1C1AB1969000F2B711 /* tabBarBackground@2x.png */; };
		E1A72E241AB1969000F2B711 /* appBackground@2x.jpg in Resources */ = {isa = PBXBuildFile; fileRef = E1A72E1E1AB1969000F2B711 /* appBackground@2x.jpg */; };
		E1A72E251AB1969000F2B711 /* searchIcon@2x.png in Resources */ = {isa = PBXBuildFile; fileRef = E1A72E1F1AB1969000F2B711 /* searchIcon@2x.png */; };
		E1A72E261AB1969000F2B711 /* tagsIcon@2x.png in Resources */ = {isa = PBXBuildFile; fileRef = E1A72E201AB1969000F2B711 /* tagsIcon@2x.png */; };
		E1A72E271AB1969000F2B711 /* wordsIcon@2x.png in Resources */ = {isa = PBXBuildFile; fileRef = E1A72E211AB1969000F2B711 /* wordsIcon@2x.png */; };
		E1A939001A890F9700969B02 /* ViewControllerTag.m in Sources */ = {isa = PBXBuildFile; fileRef = E1A938FF1A890F9700969B02 /* ViewControllerTag.m */; };
		E1FA7E831A821B6000FE6C93 /* Tag.m in Sources */ = {isa = PBXBuildFile; fileRef = E1FA7E821A821B6000FE6C93 /* Tag.m */; };
		E1FA7E861A821B6000FE6C93 /* Word.m in Sources */ = {isa = PBXBuildFile; fileRef = E1FA7E851A821B6000FE6C93 /* Word.m */; };
/* End PBXBuildFile section */

/* Begin PBXContainerItemProxy section */
		E138C7661A6A57FE00FC8934 /* PBXContainerItemProxy */ = {
			isa = PBXContainerItemProxy;
			containerPortal = E138C7441A6A57FE00FC8934 /* Project object */;
			proxyType = 1;
			remoteGlobalIDString = E138C74B1A6A57FE00FC8934;
			remoteInfo = MyDictionary;
		};
/* End PBXContainerItemProxy section */

/* Begin PBXFileReference section */
		1AEF1E7F6B2417117092E638 /* Pods.release.xcconfig */ = {isa = PBXFileReference; includeInIndex = 1; lastKnownFileType = text.xcconfig; name = Pods.release.xcconfig; path = "Pods/Target Support Files/Pods/Pods.release.xcconfig"; sourceTree = "<group>"; };
		2B14100A222ABEE22DECD87A /* Pods.debug.xcconfig */ = {isa = PBXFileReference; includeInIndex = 1; lastKnownFileType = text.xcconfig; name = Pods.debug.xcconfig; path = "Pods/Target Support Files/Pods/Pods.debug.xcconfig"; sourceTree = "<group>"; };
		E138C74C1A6A57FE00FC8934 /* MyDictionary.app */ = {isa = PBXFileReference; explicitFileType = wrapper.application; includeInIndex = 0; path = MyDictionary.app; sourceTree = BUILT_PRODUCTS_DIR; };
		E138C7501A6A57FE00FC8934 /* Info.plist */ = {isa = PBXFileReference; lastKnownFileType = text.plist.xml; path = Info.plist; sourceTree = "<group>"; };
		E138C7511A6A57FE00FC8934 /* main.m */ = {isa = PBXFileReference; lastKnownFileType = sourcecode.c.objc; path = main.m; sourceTree = "<group>"; };
		E138C7531A6A57FE00FC8934 /* AppDelegate.h */ = {isa = PBXFileReference; lastKnownFileType = sourcecode.c.h; path = AppDelegate.h; sourceTree = "<group>"; };
		E138C7541A6A57FE00FC8934 /* AppDelegate.m */ = {isa = PBXFileReference; lastKnownFileType = sourcecode.c.objc; lineEnding = 0; path = AppDelegate.m; sourceTree = "<group>"; xcLanguageSpecificationIdentifier = xcode.lang.objc; };
		E138C75C1A6A57FE00FC8934 /* Images.xcassets */ = {isa = PBXFileReference; lastKnownFileType = folder.assetcatalog; path = Images.xcassets; sourceTree = "<group>"; };
		E138C7651A6A57FE00FC8934 /* MyDictionaryTests.xctest */ = {isa = PBXFileReference; explicitFileType = wrapper.cfbundle; includeInIndex = 0; path = MyDictionaryTests.xctest; sourceTree = BUILT_PRODUCTS_DIR; };
		E138C76A1A6A57FE00FC8934 /* Info.plist */ = {isa = PBXFileReference; lastKnownFileType = text.plist.xml; path = Info.plist; sourceTree = "<group>"; };
		E138C76B1A6A57FE00FC8934 /* MyDictionaryTests.m */ = {isa = PBXFileReference; lastKnownFileType = sourcecode.c.objc; path = MyDictionaryTests.m; sourceTree = "<group>"; };
		E138C7751A6A5A8F00FC8934 /* ViewControllerSearch.h */ = {isa = PBXFileReference; fileEncoding = 4; lastKnownFileType = sourcecode.c.h; path = ViewControllerSearch.h; sourceTree = "<group>"; };
		E138C7761A6A5A8F00FC8934 /* ViewControllerSearch.m */ = {isa = PBXFileReference; fileEncoding = 4; lastKnownFileType = sourcecode.c.objc; path = ViewControllerSearch.m; sourceTree = "<group>"; };
		E138C77F1A6A6B8600FC8934 /* ViewControllerDictionary.h */ = {isa = PBXFileReference; fileEncoding = 4; lastKnownFileType = sourcecode.c.h; path = ViewControllerDictionary.h; sourceTree = "<group>"; };
		E138C7801A6A6B8600FC8934 /* ViewControllerDictionary.m */ = {isa = PBXFileReference; fileEncoding = 4; lastKnownFileType = sourcecode.c.objc; path = ViewControllerDictionary.m; sourceTree = "<group>"; };
		E138C7811A6A6B8600FC8934 /* ViewControllerDictionary.xib */ = {isa = PBXFileReference; fileEncoding = 4; lastKnownFileType = file.xib; path = ViewControllerDictionary.xib; sourceTree = "<group>"; };
		E138C78C1A6F942100FC8934 /* Default-568h@2x.png */ = {isa = PBXFileReference; lastKnownFileType = image.png; name = "Default-568h@2x.png"; path = "Pictures/Default-568h@2x.png"; sourceTree = "<group>"; };
		E15BFD9F1A70EAD2009494AF /* libxml2.dylib */ = {isa = PBXFileReference; lastKnownFileType = "compiled.mach-o.dylib"; name = libxml2.dylib; path = usr/lib/libxml2.dylib; sourceTree = SDKROOT; };
		E197D43D1A9DC3DE0098E387 /* ViewControllerSearch.xib */ = {isa = PBXFileReference; fileEncoding = 4; lastKnownFileType = file.xib; path = ViewControllerSearch.xib; sourceTree = "<group>"; };
		E197D43F1A9DC3F20098E387 /* ViewControllerEditWord.xib */ = {isa = PBXFileReference; fileEncoding = 4; lastKnownFileType = file.xib; path = ViewControllerEditWord.xib; sourceTree = "<group>"; };
		E19DD0A01A7782C6004E55AE /* CoreData.framework */ = {isa = PBXFileReference; lastKnownFileType = wrapper.framework; name = CoreData.framework; path = System/Library/Frameworks/CoreData.framework; sourceTree = SDKROOT; };
		E19DD0A31A77854C004E55AE /* DMDictionary.xcdatamodel */ = {isa = PBXFileReference; lastKnownFileType = wrapper.xcdatamodel; path = DMDictionary.xcdatamodel; sourceTree = "<group>"; };
		E19E047F1A972C5C00E5317C /* en */ = {isa = PBXFileReference; lastKnownFileType = text.plist.strings; name = en; path = en.lproj/Localizable.strings; sourceTree = "<group>"; };
		E19E04811A972C6300E5317C /* ru */ = {isa = PBXFileReference; lastKnownFileType = text.plist.strings; name = ru; path = ru.lproj/Localizable.strings; sourceTree = "<group>"; };
		E1A145DC1A83332400B63A05 /* ViewControllerEditWord.h */ = {isa = PBXFileReference; fileEncoding = 4; lastKnownFileType = sourcecode.c.h; path = ViewControllerEditWord.h; sourceTree = "<group>"; usesTabs = 0; };
		E1A145DD1A83332500B63A05 /* ViewControllerEditWord.m */ = {isa = PBXFileReference; fileEncoding = 4; lastKnownFileType = sourcecode.c.objc; path = ViewControllerEditWord.m; sourceTree = "<group>"; };
		E1A3281F1A8B371B008023B6 /* ViewControllerWordsWithTag.h */ = {isa = PBXFileReference; fileEncoding = 4; lastKnownFileType = sourcecode.c.h; path = ViewControllerWordsWithTag.h; sourceTree = "<group>"; };
		E1A328201A8B371B008023B6 /* ViewControllerWordsWithTag.m */ = {isa = PBXFileReference; fileEncoding = 4; lastKnownFileType = sourcecode.c.objc; path = ViewControllerWordsWithTag.m; sourceTree = "<group>"; };
		E1A328231A8CB233008023B6 /* ViewControllerWords.h */ = {isa = PBXFileReference; fileEncoding = 4; lastKnownFileType = sourcecode.c.h; path = ViewControllerWords.h; sourceTree = "<group>"; };
		E1A328241A8CB233008023B6 /* ViewControllerWords.m */ = {isa = PBXFileReference; fileEncoding = 4; lastKnownFileType = sourcecode.c.objc; path = ViewControllerWords.m; sourceTree = "<group>"; };
		E1A72E1C1AB1969000F2B711 /* tabBarBackground@2x.png */ = {isa = PBXFileReference; lastKnownFileType = image.png; name = "tabBarBackground@2x.png"; path = "Pictures/tabBarBackground@2x.png"; sourceTree = "<group>"; };
		E1A72E1E1AB1969000F2B711 /* appBackground@2x.jpg */ = {isa = PBXFileReference; lastKnownFileType = image.jpeg; name = "appBackground@2x.jpg"; path = "Pictures/appBackground@2x.jpg"; sourceTree = "<group>"; };
		E1A72E1F1AB1969000F2B711 /* searchIcon@2x.png */ = {isa = PBXFileReference; lastKnownFileType = image.png; name = "searchIcon@2x.png"; path = "Pictures/searchIcon@2x.png"; sourceTree = "<group>"; };
		E1A72E201AB1969000F2B711 /* tagsIcon@2x.png */ = {isa = PBXFileReference; lastKnownFileType = image.png; name = "tagsIcon@2x.png"; path = "Pictures/tagsIcon@2x.png"; sourceTree = "<group>"; };
		E1A72E211AB1969000F2B711 /* wordsIcon@2x.png */ = {isa = PBXFileReference; lastKnownFileType = image.png; name = "wordsIcon@2x.png"; path = "Pictures/wordsIcon@2x.png"; sourceTree = "<group>"; };
		E1A938FE1A890F9700969B02 /* ViewControllerTag.h */ = {isa = PBXFileReference; fileEncoding = 4; lastKnownFileType = sourcecode.c.h; path = ViewControllerTag.h; sourceTree = "<group>"; };
		E1A938FF1A890F9700969B02 /* ViewControllerTag.m */ = {isa = PBXFileReference; fileEncoding = 4; lastKnownFileType = sourcecode.c.objc; path = ViewControllerTag.m; sourceTree = "<group>"; };
		E1FA7E811A821B6000FE6C93 /* Tag.h */ = {isa = PBXFileReference; fileEncoding = 4; lastKnownFileType = sourcecode.c.h; name = Tag.h; path = "Business Logic Layer/Tag.h"; sourceTree = "<group>"; };
		E1FA7E821A821B6000FE6C93 /* Tag.m */ = {isa = PBXFileReference; fileEncoding = 4; lastKnownFileType = sourcecode.c.objc; name = Tag.m; path = "Business Logic Layer/Tag.m"; sourceTree = "<group>"; };
		E1FA7E841A821B6000FE6C93 /* Word.h */ = {isa = PBXFileReference; fileEncoding = 4; lastKnownFileType = sourcecode.c.h; name = Word.h; path = "Business Logic Layer/Word.h"; sourceTree = "<group>"; };
		E1FA7E851A821B6000FE6C93 /* Word.m */ = {isa = PBXFileReference; fileEncoding = 4; lastKnownFileType = sourcecode.c.objc; name = Word.m; path = "Business Logic Layer/Word.m"; sourceTree = "<group>"; };
		F9EA51182D66AF67803F7386 /* libPods.a */ = {isa = PBXFileReference; explicitFileType = archive.ar; includeInIndex = 0; path = libPods.a; sourceTree = BUILT_PRODUCTS_DIR; };
/* End PBXFileReference section */

/* Begin PBXFrameworksBuildPhase section */
		E138C7491A6A57FE00FC8934 /* Frameworks */ = {
			isa = PBXFrameworksBuildPhase;
			buildActionMask = 2147483647;
			files = (
				E19DD0A11A7782C6004E55AE /* CoreData.framework in Frameworks */,
				E15BFDA01A70EAD2009494AF /* libxml2.dylib in Frameworks */,
				4E5542949ACB84DD93EC86C0 /* libPods.a in Frameworks */,
			);
			runOnlyForDeploymentPostprocessing = 0;
		};
		E138C7621A6A57FE00FC8934 /* Frameworks */ = {
			isa = PBXFrameworksBuildPhase;
			buildActionMask = 2147483647;
			files = (
			);
			runOnlyForDeploymentPostprocessing = 0;
		};
/* End PBXFrameworksBuildPhase section */

/* Begin PBXGroup section */
		06014DE1A210BC2BDFE1B1D6 /* Frameworks */ = {
			isa = PBXGroup;
			children = (
				E19DD0A01A7782C6004E55AE /* CoreData.framework */,
				E15BFD9F1A70EAD2009494AF /* libxml2.dylib */,
				F9EA51182D66AF67803F7386 /* libPods.a */,
			);
			name = Frameworks;
			sourceTree = "<group>";
		};
		8CB160D6D006F2A4526736B3 /* Pods */ = {
			isa = PBXGroup;
			children = (
				2B14100A222ABEE22DECD87A /* Pods.debug.xcconfig */,
				1AEF1E7F6B2417117092E638 /* Pods.release.xcconfig */,
			);
			name = Pods;
			sourceTree = "<group>";
		};
		E138C7431A6A57FE00FC8934 = {
			isa = PBXGroup;
			children = (
				E138C74E1A6A57FE00FC8934 /* MyDictionary */,
				E138C7681A6A57FE00FC8934 /* MyDictionaryTests */,
				E138C74D1A6A57FE00FC8934 /* Products */,
				8CB160D6D006F2A4526736B3 /* Pods */,
				06014DE1A210BC2BDFE1B1D6 /* Frameworks */,
			);
			sourceTree = "<group>";
		};
		E138C74D1A6A57FE00FC8934 /* Products */ = {
			isa = PBXGroup;
			children = (
				E138C74C1A6A57FE00FC8934 /* MyDictionary.app */,
				E138C7651A6A57FE00FC8934 /* MyDictionaryTests.xctest */,
			);
			name = Products;
			sourceTree = "<group>";
		};
		E138C74E1A6A57FE00FC8934 /* MyDictionary */ = {
			isa = PBXGroup;
			children = (
				E19DD0981A766E6C004E55AE /* Business Logic Layer */,
				E19DD0971A766D1D004E55AE /* User Interface */,
				E138C7531A6A57FE00FC8934 /* AppDelegate.h */,
				E138C7541A6A57FE00FC8934 /* AppDelegate.m */,
				E138C75C1A6A57FE00FC8934 /* Images.xcassets */,
				E138C74F1A6A57FE00FC8934 /* Supporting Files */,
				E15BFDA11A70F3C4009494AF /* Pictures */,
			);
			path = MyDictionary;
			sourceTree = "<group>";
		};
		E138C74F1A6A57FE00FC8934 /* Supporting Files */ = {
			isa = PBXGroup;
			children = (
				E19E047E1A972C5C00E5317C /* Localizable.strings */,
				E138C7501A6A57FE00FC8934 /* Info.plist */,
				E138C7511A6A57FE00FC8934 /* main.m */,
			);
			name = "Supporting Files";
			sourceTree = "<group>";
		};
		E138C7681A6A57FE00FC8934 /* MyDictionaryTests */ = {
			isa = PBXGroup;
			children = (
				E138C76B1A6A57FE00FC8934 /* MyDictionaryTests.m */,
				E138C7691A6A57FE00FC8934 /* Supporting Files */,
			);
			path = MyDictionaryTests;
			sourceTree = "<group>";
		};
		E138C7691A6A57FE00FC8934 /* Supporting Files */ = {
			isa = PBXGroup;
			children = (
				E138C76A1A6A57FE00FC8934 /* Info.plist */,
			);
			name = "Supporting Files";
			sourceTree = "<group>";
		};
		E138C7891A6A758D00FC8934 /* VCSearch */ = {
			isa = PBXGroup;
			children = (
				E138C7751A6A5A8F00FC8934 /* ViewControllerSearch.h */,
				E138C7761A6A5A8F00FC8934 /* ViewControllerSearch.m */,
				E197D43D1A9DC3DE0098E387 /* ViewControllerSearch.xib */,
			);
			name = VCSearch;
			sourceTree = "<group>";
		};
		E138C78A1A6A759F00FC8934 /* VCDictionary */ = {
			isa = PBXGroup;
			children = (
				E138C77F1A6A6B8600FC8934 /* ViewControllerDictionary.h */,
				E138C7801A6A6B8600FC8934 /* ViewControllerDictionary.m */,
				E138C7811A6A6B8600FC8934 /* ViewControllerDictionary.xib */,
				E1A328221A8CB207008023B6 /* VCWords */,
				E138C78B1A6A75B600FC8934 /* VCTags */,
				E1A3281B1A8B215B008023B6 /* VCWordsWithTag */,
			);
			name = VCDictionary;
			sourceTree = "<group>";
		};
		E138C78B1A6A75B600FC8934 /* VCTags */ = {
			isa = PBXGroup;
			children = (
				E1A938FE1A890F9700969B02 /* ViewControllerTag.h */,
				E1A938FF1A890F9700969B02 /* ViewControllerTag.m */,
			);
			name = VCTags;
			sourceTree = "<group>";
		};
		E15BFDA11A70F3C4009494AF /* Pictures */ = {
			isa = PBXGroup;
			children = (
				E1A72E1C1AB1969000F2B711 /* tabBarBackground@2x.png */,
				E1A72E1E1AB1969000F2B711 /* appBackground@2x.jpg */,
				E1A72E1F1AB1969000F2B711 /* searchIcon@2x.png */,
				E1A72E201AB1969000F2B711 /* tagsIcon@2x.png */,
				E1A72E211AB1969000F2B711 /* wordsIcon@2x.png */,
				E138C78C1A6F942100FC8934 /* Default-568h@2x.png */,
			);
			name = Pictures;
			path = ..;
			sourceTree = "<group>";
		};
		E19DD0971A766D1D004E55AE /* User Interface */ = {
			isa = PBXGroup;
			children = (
				E138C7891A6A758D00FC8934 /* VCSearch */,
				E138C78A1A6A759F00FC8934 /* VCDictionary */,
				E1A145E11A83333700B63A05 /* VCEditWord */,
			);
			name = "User Interface";
			sourceTree = "<group>";
		};
		E19DD0981A766E6C004E55AE /* Business Logic Layer */ = {
			isa = PBXGroup;
			children = (
				E19DD0A21A77854C004E55AE /* DMDictionaryWord.xcdatamodeld */,
				E1FA7E841A821B6000FE6C93 /* Word.h */,
				E1FA7E851A821B6000FE6C93 /* Word.m */,
				E1FA7E811A821B6000FE6C93 /* Tag.h */,
				E1FA7E821A821B6000FE6C93 /* Tag.m */,
			);
			name = "Business Logic Layer";
			sourceTree = "<group>";
		};
		E1A145E11A83333700B63A05 /* VCEditWord */ = {
			isa = PBXGroup;
			children = (
				E1A145DC1A83332400B63A05 /* ViewControllerEditWord.h */,
				E1A145DD1A83332500B63A05 /* ViewControllerEditWord.m */,
				E197D43F1A9DC3F20098E387 /* ViewControllerEditWord.xib */,
			);
			name = VCEditWord;
			sourceTree = "<group>";
		};
		E1A3281B1A8B215B008023B6 /* VCWordsWithTag */ = {
			isa = PBXGroup;
			children = (
				E1A3281F1A8B371B008023B6 /* ViewControllerWordsWithTag.h */,
				E1A328201A8B371B008023B6 /* ViewControllerWordsWithTag.m */,
			);
			name = VCWordsWithTag;
			sourceTree = "<group>";
		};
		E1A328221A8CB207008023B6 /* VCWords */ = {
			isa = PBXGroup;
			children = (
				E1A328231A8CB233008023B6 /* ViewControllerWords.h */,
				E1A328241A8CB233008023B6 /* ViewControllerWords.m */,
			);
			name = VCWords;
			sourceTree = "<group>";
		};
/* End PBXGroup section */

/* Begin PBXNativeTarget section */
		E138C74B1A6A57FE00FC8934 /* MyDictionary */ = {
			isa = PBXNativeTarget;
			buildConfigurationList = E138C76F1A6A57FE00FC8934 /* Build configuration list for PBXNativeTarget "MyDictionary" */;
			buildPhases = (
				BF86D24342B05D5E9638585E /* Check Pods Manifest.lock */,
				E138C7481A6A57FE00FC8934 /* Sources */,
				E138C7491A6A57FE00FC8934 /* Frameworks */,
				E138C74A1A6A57FE00FC8934 /* Resources */,
				70D47EAA383C0B3A9D1F7259 /* Copy Pods Resources */,
			);
			buildRules = (
			);
			dependencies = (
			);
			name = MyDictionary;
			productName = MyDictionary;
			productReference = E138C74C1A6A57FE00FC8934 /* MyDictionary.app */;
			productType = "com.apple.product-type.application";
		};
		E138C7641A6A57FE00FC8934 /* MyDictionaryTests */ = {
			isa = PBXNativeTarget;
			buildConfigurationList = E138C7721A6A57FE00FC8934 /* Build configuration list for PBXNativeTarget "MyDictionaryTests" */;
			buildPhases = (
				E138C7611A6A57FE00FC8934 /* Sources */,
				E138C7621A6A57FE00FC8934 /* Frameworks */,
				E138C7631A6A57FE00FC8934 /* Resources */,
			);
			buildRules = (
			);
			dependencies = (
				E138C7671A6A57FE00FC8934 /* PBXTargetDependency */,
			);
			name = MyDictionaryTests;
			productName = MyDictionaryTests;
			productReference = E138C7651A6A57FE00FC8934 /* MyDictionaryTests.xctest */;
			productType = "com.apple.product-type.bundle.unit-test";
		};
/* End PBXNativeTarget section */

/* Begin PBXProject section */
		E138C7441A6A57FE00FC8934 /* Project object */ = {
			isa = PBXProject;
			attributes = {
				LastUpgradeCheck = 0610;
				ORGANIZATIONNAME = ashi;
				TargetAttributes = {
					E138C74B1A6A57FE00FC8934 = {
						CreatedOnToolsVersion = 6.1.1;
					};
					E138C7641A6A57FE00FC8934 = {
						CreatedOnToolsVersion = 6.1.1;
						TestTargetID = E138C74B1A6A57FE00FC8934;
					};
				};
			};
			buildConfigurationList = E138C7471A6A57FE00FC8934 /* Build configuration list for PBXProject "MyDictionary" */;
			compatibilityVersion = "Xcode 3.2";
			developmentRegion = English;
			hasScannedForEncodings = 0;
			knownRegions = (
				en,
				Base,
				ru,
			);
			mainGroup = E138C7431A6A57FE00FC8934;
			productRefGroup = E138C74D1A6A57FE00FC8934 /* Products */;
			projectDirPath = "";
			projectRoot = "";
			targets = (
				E138C74B1A6A57FE00FC8934 /* MyDictionary */,
				E138C7641A6A57FE00FC8934 /* MyDictionaryTests */,
			);
		};
/* End PBXProject section */

/* Begin PBXResourcesBuildPhase section */
		E138C74A1A6A57FE00FC8934 /* Resources */ = {
			isa = PBXResourcesBuildPhase;
			buildActionMask = 2147483647;
			files = (
				E1A72E261AB1969000F2B711 /* tagsIcon@2x.png in Resources */,
				E1A72E271AB1969000F2B711 /* wordsIcon@2x.png in Resources */,
				E197D43E1A9DC3DE0098E387 /* ViewControllerSearch.xib in Resources */,
				E19E04801A972C5C00E5317C /* Localizable.strings in Resources */,
				E138C75D1A6A57FE00FC8934 /* Images.xcassets in Resources */,
				E138C78D1A6F942100FC8934 /* Default-568h@2x.png in Resources */,
				E197D4401A9DC3F20098E387 /* ViewControllerEditWord.xib in Resources */,
				E1A72E241AB1969000F2B711 /* appBackground@2x.jpg in Resources */,
				E1A72E251AB1969000F2B711 /* searchIcon@2x.png in Resources */,
				E1A72E221AB1969000F2B711 /* tabBarBackground@2x.png in Resources */,
				E138C7831A6A6B8600FC8934 /* ViewControllerDictionary.xib in Resources */,
			);
			runOnlyForDeploymentPostprocessing = 0;
		};
		E138C7631A6A57FE00FC8934 /* Resources */ = {
			isa = PBXResourcesBuildPhase;
			buildActionMask = 2147483647;
			files = (
			);
			runOnlyForDeploymentPostprocessing = 0;
		};
/* End PBXResourcesBuildPhase section */

/* Begin PBXShellScriptBuildPhase section */
		70D47EAA383C0B3A9D1F7259 /* Copy Pods Resources */ = {
			isa = PBXShellScriptBuildPhase;
			buildActionMask = 2147483647;
			files = (
			);
			inputPaths = (
			);
			name = "Copy Pods Resources";
			outputPaths = (
			);
			runOnlyForDeploymentPostprocessing = 0;
			shellPath = /bin/sh;
			shellScript = "\"${SRCROOT}/Pods/Target Support Files/Pods/Pods-resources.sh\"\n";
			showEnvVarsInLog = 0;
		};
		BF86D24342B05D5E9638585E /* Check Pods Manifest.lock */ = {
			isa = PBXShellScriptBuildPhase;
			buildActionMask = 2147483647;
			files = (
			);
			inputPaths = (
			);
			name = "Check Pods Manifest.lock";
			outputPaths = (
			);
			runOnlyForDeploymentPostprocessing = 0;
			shellPath = /bin/sh;
			shellScript = "diff \"${PODS_ROOT}/../Podfile.lock\" \"${PODS_ROOT}/Manifest.lock\" > /dev/null\nif [[ $? != 0 ]] ; then\n    cat << EOM\nerror: The sandbox is not in sync with the Podfile.lock. Run 'pod install' or update your CocoaPods installation.\nEOM\n    exit 1\nfi\n";
			showEnvVarsInLog = 0;
		};
/* End PBXShellScriptBuildPhase section */

/* Begin PBXSourcesBuildPhase section */
		E138C7481A6A57FE00FC8934 /* Sources */ = {
			isa = PBXSourcesBuildPhase;
			buildActionMask = 2147483647;
			files = (
				E1A328251A8CB233008023B6 /* ViewControllerWords.m in Sources */,
				E1FA7E831A821B6000FE6C93 /* Tag.m in Sources */,
				E1A328211A8B371B008023B6 /* ViewControllerWordsWithTag.m in Sources */,
				E19DD0A41A77854C004E55AE /* DMDictionaryWord.xcdatamodeld in Sources */,
				E138C7551A6A57FE00FC8934 /* AppDelegate.m in Sources */,
				E1FA7E861A821B6000FE6C93 /* Word.m in Sources */,
				E138C7521A6A57FE00FC8934 /* main.m in Sources */,
				E138C7821A6A6B8600FC8934 /* ViewControllerDictionary.m in Sources */,
				E1A939001A890F9700969B02 /* ViewControllerTag.m in Sources */,
				E1A145DF1A83332500B63A05 /* ViewControllerEditWord.m in Sources */,
				E138C7781A6A5A8F00FC8934 /* ViewControllerSearch.m in Sources */,
			);
			runOnlyForDeploymentPostprocessing = 0;
		};
		E138C7611A6A57FE00FC8934 /* Sources */ = {
			isa = PBXSourcesBuildPhase;
			buildActionMask = 2147483647;
			files = (
				E138C76C1A6A57FE00FC8934 /* MyDictionaryTests.m in Sources */,
			);
			runOnlyForDeploymentPostprocessing = 0;
		};
/* End PBXSourcesBuildPhase section */

/* Begin PBXTargetDependency section */
		E138C7671A6A57FE00FC8934 /* PBXTargetDependency */ = {
			isa = PBXTargetDependency;
			target = E138C74B1A6A57FE00FC8934 /* MyDictionary */;
			targetProxy = E138C7661A6A57FE00FC8934 /* PBXContainerItemProxy */;
		};
/* End PBXTargetDependency section */

/* Begin PBXVariantGroup section */
		E19E047E1A972C5C00E5317C /* Localizable.strings */ = {
			isa = PBXVariantGroup;
			children = (
				E19E047F1A972C5C00E5317C /* en */,
				E19E04811A972C6300E5317C /* ru */,
			);
			name = Localizable.strings;
			sourceTree = "<group>";
		};
/* End PBXVariantGroup section */

/* Begin XCBuildConfiguration section */
		E138C76D1A6A57FE00FC8934 /* Debug */ = {
			isa = XCBuildConfiguration;
			buildSettings = {
				ALWAYS_SEARCH_USER_PATHS = NO;
				CLANG_CXX_LANGUAGE_STANDARD = "gnu++0x";
				CLANG_CXX_LIBRARY = "libc++";
				CLANG_ENABLE_MODULES = YES;
				CLANG_ENABLE_OBJC_ARC = YES;
				CLANG_WARN_BOOL_CONVERSION = YES;
				CLANG_WARN_CONSTANT_CONVERSION = YES;
				CLANG_WARN_DIRECT_OBJC_ISA_USAGE = YES_ERROR;
				CLANG_WARN_EMPTY_BODY = YES;
				CLANG_WARN_ENUM_CONVERSION = YES;
				CLANG_WARN_INT_CONVERSION = YES;
				CLANG_WARN_OBJC_ROOT_CLASS = YES_ERROR;
				CLANG_WARN_UNREACHABLE_CODE = YES;
				CLANG_WARN__DUPLICATE_METHOD_MATCH = YES;
				"CODE_SIGN_IDENTITY[sdk=iphoneos*]" = "iPhone Developer";
				COPY_PHASE_STRIP = NO;
				ENABLE_STRICT_OBJC_MSGSEND = YES;
				GCC_C_LANGUAGE_STANDARD = gnu99;
				GCC_DYNAMIC_NO_PIC = NO;
				GCC_OPTIMIZATION_LEVEL = 0;
				GCC_PREPROCESSOR_DEFINITIONS = (
					"DEBUG=1",
					"$(inherited)",
				);
				GCC_SYMBOLS_PRIVATE_EXTERN = NO;
				GCC_WARN_64_TO_32_BIT_CONVERSION = YES;
				GCC_WARN_ABOUT_RETURN_TYPE = YES_ERROR;
				GCC_WARN_UNDECLARED_SELECTOR = YES;
				GCC_WARN_UNINITIALIZED_AUTOS = YES_AGGRESSIVE;
				GCC_WARN_UNUSED_FUNCTION = YES;
				GCC_WARN_UNUSED_VARIABLE = YES;
				HEADER_SEARCH_PATHS = (
					"$(inherited)",
					/Applications/Xcode.app/Contents/Developer/Toolchains/XcodeDefault.xctoolchain/usr/include,
					"$(SDKROOT)/usr/include/libxml2",
				);
				IPHONEOS_DEPLOYMENT_TARGET = 8.1;
				MTL_ENABLE_DEBUG_INFO = YES;
				ONLY_ACTIVE_ARCH = YES;
				SDKROOT = iphoneos;
			};
			name = Debug;
		};
		E138C76E1A6A57FE00FC8934 /* Release */ = {
			isa = XCBuildConfiguration;
			buildSettings = {
				ALWAYS_SEARCH_USER_PATHS = NO;
				CLANG_CXX_LANGUAGE_STANDARD = "gnu++0x";
				CLANG_CXX_LIBRARY = "libc++";
				CLANG_ENABLE_MODULES = YES;
				CLANG_ENABLE_OBJC_ARC = YES;
				CLANG_WARN_BOOL_CONVERSION = YES;
				CLANG_WARN_CONSTANT_CONVERSION = YES;
				CLANG_WARN_DIRECT_OBJC_ISA_USAGE = YES_ERROR;
				CLANG_WARN_EMPTY_BODY = YES;
				CLANG_WARN_ENUM_CONVERSION = YES;
				CLANG_WARN_INT_CONVERSION = YES;
				CLANG_WARN_OBJC_ROOT_CLASS = YES_ERROR;
				CLANG_WARN_UNREACHABLE_CODE = YES;
				CLANG_WARN__DUPLICATE_METHOD_MATCH = YES;
				"CODE_SIGN_IDENTITY[sdk=iphoneos*]" = "iPhone Developer";
				COPY_PHASE_STRIP = YES;
				ENABLE_NS_ASSERTIONS = NO;
				ENABLE_STRICT_OBJC_MSGSEND = YES;
				GCC_C_LANGUAGE_STANDARD = gnu99;
				GCC_WARN_64_TO_32_BIT_CONVERSION = YES;
				GCC_WARN_ABOUT_RETURN_TYPE = YES_ERROR;
				GCC_WARN_UNDECLARED_SELECTOR = YES;
				GCC_WARN_UNINITIALIZED_AUTOS = YES_AGGRESSIVE;
				GCC_WARN_UNUSED_FUNCTION = YES;
				GCC_WARN_UNUSED_VARIABLE = YES;
				HEADER_SEARCH_PATHS = (
					"$(inherited)",
					/Applications/Xcode.app/Contents/Developer/Toolchains/XcodeDefault.xctoolchain/usr/include,
					"$(SDKROOT)/usr/include/libxml2",
				);
				IPHONEOS_DEPLOYMENT_TARGET = 8.1;
				MTL_ENABLE_DEBUG_INFO = NO;
				SDKROOT = iphoneos;
				VALIDATE_PRODUCT = YES;
			};
			name = Release;
		};
		E138C7701A6A57FE00FC8934 /* Debug */ = {
			isa = XCBuildConfiguration;
			baseConfigurationReference = 2B14100A222ABEE22DECD87A /* Pods.debug.xcconfig */;
			buildSettings = {
				ASSETCATALOG_COMPILER_APPICON_NAME = AppIcon;
				ASSETCATALOG_COMPILER_LAUNCHIMAGE_NAME = LaunchImage;
				INFOPLIST_FILE = MyDictionary/Info.plist;
				IPHONEOS_DEPLOYMENT_TARGET = 7.0;
				LD_RUNPATH_SEARCH_PATHS = "$(inherited) @executable_path/Frameworks";
				PRODUCT_NAME = "$(TARGET_NAME)";
				TARGETED_DEVICE_FAMILY = 1;
			};
			name = Debug;
		};
		E138C7711A6A57FE00FC8934 /* Release */ = {
			isa = XCBuildConfiguration;
			baseConfigurationReference = 1AEF1E7F6B2417117092E638 /* Pods.release.xcconfig */;
			buildSettings = {
				ASSETCATALOG_COMPILER_APPICON_NAME = AppIcon;
				ASSETCATALOG_COMPILER_LAUNCHIMAGE_NAME = LaunchImage;
				INFOPLIST_FILE = MyDictionary/Info.plist;
				IPHONEOS_DEPLOYMENT_TARGET = 7.0;
				LD_RUNPATH_SEARCH_PATHS = "$(inherited) @executable_path/Frameworks";
				PRODUCT_NAME = "$(TARGET_NAME)";
				TARGETED_DEVICE_FAMILY = 1;
			};
			name = Release;
		};
		E138C7731A6A57FE00FC8934 /* Debug */ = {
			isa = XCBuildConfiguration;
			buildSettings = {
				BUNDLE_LOADER = "$(TEST_HOST)";
				FRAMEWORK_SEARCH_PATHS = (
					"$(SDKROOT)/Developer/Library/Frameworks",
					"$(inherited)",
				);
				GCC_PREPROCESSOR_DEFINITIONS = (
					"DEBUG=1",
					"$(inherited)",
				);
				INFOPLIST_FILE = MyDictionaryTests/Info.plist;
				LD_RUNPATH_SEARCH_PATHS = "$(inherited) @executable_path/Frameworks @loader_path/Frameworks";
				PRODUCT_NAME = "$(TARGET_NAME)";
				TEST_HOST = "$(BUILT_PRODUCTS_DIR)/MyDictionary.app/MyDictionary";
			};
			name = Debug;
		};
		E138C7741A6A57FE00FC8934 /* Release */ = {
			isa = XCBuildConfiguration;
			buildSettings = {
				BUNDLE_LOADER = "$(TEST_HOST)";
				FRAMEWORK_SEARCH_PATHS = (
					"$(SDKROOT)/Developer/Library/Frameworks",
					"$(inherited)",
				);
				INFOPLIST_FILE = MyDictionaryTests/Info.plist;
				LD_RUNPATH_SEARCH_PATHS = "$(inherited) @executable_path/Frameworks @loader_path/Frameworks";
				PRODUCT_NAME = "$(TARGET_NAME)";
				TEST_HOST = "$(BUILT_PRODUCTS_DIR)/MyDictionary.app/MyDictionary";
			};
			name = Release;
		};
/* End XCBuildConfiguration section */

/* Begin XCConfigurationList section */
		E138C7471A6A57FE00FC8934 /* Build configuration list for PBXProject "MyDictionary" */ = {
			isa = XCConfigurationList;
			buildConfigurations = (
				E138C76D1A6A57FE00FC8934 /* Debug */,
				E138C76E1A6A57FE00FC8934 /* Release */,
			);
			defaultConfigurationIsVisible = 0;
			defaultConfigurationName = Release;
		};
		E138C76F1A6A57FE00FC8934 /* Build configuration list for PBXNativeTarget "MyDictionary" */ = {
			isa = XCConfigurationList;
			buildConfigurations = (
				E138C7701A6A57FE00FC8934 /* Debug */,
				E138C7711A6A57FE00FC8934 /* Release */,
			);
			defaultConfigurationIsVisible = 0;
			defaultConfigurationName = Release;
		};
		E138C7721A6A57FE00FC8934 /* Build configuration list for PBXNativeTarget "MyDictionaryTests" */ = {
			isa = XCConfigurationList;
			buildConfigurations = (
				E138C7731A6A57FE00FC8934 /* Debug */,
				E138C7741A6A57FE00FC8934 /* Release */,
			);
			defaultConfigurationIsVisible = 0;
			defaultConfigurationName = Release;
		};
/* End XCConfigurationList section */

/* Begin XCVersionGroup section */
		E19DD0A21A77854C004E55AE /* DMDictionaryWord.xcdatamodeld */ = {
			isa = XCVersionGroup;
			children = (
				E19DD0A31A77854C004E55AE /* DMDictionary.xcdatamodel */,
			);
			currentVersion = E19DD0A31A77854C004E55AE /* DMDictionary.xcdatamodel */;
			name = DMDictionaryWord.xcdatamodeld;
			path = "Business Logic Layer/DMDictionaryWord.xcdatamodeld";
			sourceTree = "<group>";
			versionGroupType = wrapper.xcdatamodel;
		};
/* End XCVersionGroup section */
	};
	rootObject = E138C7441A6A57FE00FC8934 /* Project object */;
}
